
Microsoft Visual Studio Solution File, Format Version 12.00
# Visual Studio Version 16
VisualStudioVersion = 16.0.31313.79
MinimumVisualStudioVersion = 10.0.40219.1
Project("{FAE04EC0-301F-11D3-BF4B-00C04F79EFBC}") = "ProjektSchronisko", "ProjektSchronisko.csproj", "{CA0A8F6E-E4DD-4F6D-AD5D-34FD19B0645C}"
EndProject
Global
	GlobalSection(SolutionConfigurationPlatforms) = preSolution
		Debug|Any CPU = Debug|Any CPU
		Release|Any CPU = Release|Any CPU
	EndGlobalSection
	GlobalSection(ProjectConfigurationPlatforms) = postSolution
		{CA0A8F6E-E4DD-4F6D-AD5D-34FD19B0645C}.Debug|Any CPU.ActiveCfg = Debug|Any CPU
		{CA0A8F6E-E4DD-4F6D-AD5D-34FD19B0645C}.Debug|Any CPU.Build.0 = Debug|Any CPU
		{CA0A8F6E-E4DD-4F6D-AD5D-34FD19B0645C}.Release|Any CPU.ActiveCfg = Release|Any CPU
		{CA0A8F6E-E4DD-4F6D-AD5D-34FD19B0645C}.Release|Any CPU.Build.0 = Release|Any CPU
	EndGlobalSection
	GlobalSection(SolutionProperties) = preSolution
		HideSolutionNode = FALSE
	EndGlobalSection
	GlobalSection(ExtensibilityGlobals) = postSolution
		SolutionGuid = {5F532437-306E-4D62-9488-7259E0E98A1E}
	EndGlobalSection
EndGlobal
